// !$*UTF8*$!
{
	archiveVersion = 1;
	classes = {
	};
	objectVersion = 48;
	objects = {

/* Begin PBXBuildFile section */
		1E1C636F20F6A3950068B327 /* decoder.c in Sources */ = {isa = PBXBuildFile; fileRef = 1E1C635A20F6A3940068B327 /* decoder.c */; };
		1E1C637020F6A3950068B327 /* textdefs.c in Sources */ = {isa = PBXBuildFile; fileRef = 1E1C635B20F6A3940068B327 /* textdefs.c */; };
		1E1C637120F6A3950068B327 /* distorm.c in Sources */ = {isa = PBXBuildFile; fileRef = 1E1C635C20F6A3940068B327 /* distorm.c */; };
		1E1C637220F6A3950068B327 /* prefix.c in Sources */ = {isa = PBXBuildFile; fileRef = 1E1C635D20F6A3940068B327 /* prefix.c */; };
		1E1C637320F6A3950068B327 /* prefix.h in Headers */ = {isa = PBXBuildFile; fileRef = 1E1C635E20F6A3940068B327 /* prefix.h */; };
		1E1C637420F6A3950068B327 /* operands.h in Headers */ = {isa = PBXBuildFile; fileRef = 1E1C635F20F6A3940068B327 /* operands.h */; };
		1E1C637520F6A3950068B327 /* distorm.h in Headers */ = {isa = PBXBuildFile; fileRef = 1E1C636120F6A3940068B327 /* distorm.h */; };
		1E1C637620F6A3950068B327 /* mnemonics.h in Headers */ = {isa = PBXBuildFile; fileRef = 1E1C636220F6A3940068B327 /* mnemonics.h */; };
		1E1C637720F6A3950068B327 /* operands.c in Sources */ = {isa = PBXBuildFile; fileRef = 1E1C636320F6A3940068B327 /* operands.c */; };
		1E1C637820F6A3950068B327 /* instructions.c in Sources */ = {isa = PBXBuildFile; fileRef = 1E1C636420F6A3940068B327 /* instructions.c */; };
		1E1C637920F6A3950068B327 /* config.h in Headers */ = {isa = PBXBuildFile; fileRef = 1E1C636520F6A3940068B327 /* config.h */; };
		1E1C637A20F6A3950068B327 /* x86defs.h in Headers */ = {isa = PBXBuildFile; fileRef = 1E1C636620F6A3940068B327 /* x86defs.h */; };
		1E1C637B20F6A3950068B327 /* mnemonics.c in Sources */ = {isa = PBXBuildFile; fileRef = 1E1C636720F6A3940068B327 /* mnemonics.c */; };
		1E1C637C20F6A3950068B327 /* decoder.h in Headers */ = {isa = PBXBuildFile; fileRef = 1E1C636820F6A3940068B327 /* decoder.h */; };
		1E1C637D20F6A3950068B327 /* textdefs.h in Headers */ = {isa = PBXBuildFile; fileRef = 1E1C636920F6A3950068B327 /* textdefs.h */; };
		1E1C637E20F6A3950068B327 /* wstring.h in Headers */ = {isa = PBXBuildFile; fileRef = 1E1C636A20F6A3950068B327 /* wstring.h */; };
		1E1C637F20F6A3950068B327 /* insts.h in Headers */ = {isa = PBXBuildFile; fileRef = 1E1C636B20F6A3950068B327 /* insts.h */; };
		1E1C638020F6A3950068B327 /* insts.c in Sources */ = {isa = PBXBuildFile; fileRef = 1E1C636C20F6A3950068B327 /* insts.c */; };
		1E1C638120F6A3950068B327 /* instructions.h in Headers */ = {isa = PBXBuildFile; fileRef = 1E1C636D20F6A3950068B327 /* instructions.h */; };
		1E1C638220F6A3950068B327 /* wstring.c in Sources */ = {isa = PBXBuildFile; fileRef = 1E1C636E20F6A3950068B327 /* wstring.c */; };
		1E228D142081E44600F41461 /* nke.h in Headers */ = {isa = PBXBuildFile; fileRef = 1E228D0E2081E44600F41461 /* nke.h */; };
		1E228D152081E44600F41461 /* network.h in Headers */ = {isa = PBXBuildFile; fileRef = 1E228D0F2081E44600F41461 /* network.h */; };
		1E228D162081E44600F41461 /* policy.c in Sources */ = {isa = PBXBuildFile; fileRef = 1E228D102081E44600F41461 /* policy.c */; };
		1E228D172081E44600F41461 /* network.c in Sources */ = {isa = PBXBuildFile; fileRef = 1E228D112081E44600F41461 /* network.c */; };
		1E228D182081E44600F41461 /* policy.h in Headers */ = {isa = PBXBuildFile; fileRef = 1E228D122081E44600F41461 /* policy.h */; };
		1E228D192081E44600F41461 /* nke.c in Sources */ = {isa = PBXBuildFile; fileRef = 1E228D132081E44600F41461 /* nke.c */; };
		1E2CCE0F206D8D8B000FBAB1 /* kemon.c in Sources */ = {isa = PBXBuildFile; fileRef = 1E2CCE0E206D8D8B000FBAB1 /* kemon.c */; };
		1E2CCE17206D8E2C000FBAB1 /* kemon.h in Headers */ = {isa = PBXBuildFile; fileRef = 1E2CCE16206D8E2C000FBAB1 /* kemon.h */; };
		1E35F98720F82F330048103E /* inline.c in Sources */ = {isa = PBXBuildFile; fileRef = 1E35F98520F82F330048103E /* inline.c */; };
		1E35F98820F82F330048103E /* inline.h in Headers */ = {isa = PBXBuildFile; fileRef = 1E35F98620F82F330048103E /* inline.h */; };
		1E9BA078209161A9001A9BB8 /* include.h in Headers */ = {isa = PBXBuildFile; fileRef = 1E9BA077209161A9001A9BB8 /* include.h */; };
		1E9EC6FC207448E300C61D80 /* trace.h in Headers */ = {isa = PBXBuildFile; fileRef = 1E9EC6FA207448E300C61D80 /* trace.h */; };
		1E9EC6FD207448E300C61D80 /* trace.c in Sources */ = {isa = PBXBuildFile; fileRef = 1E9EC6FB207448E300C61D80 /* trace.c */; };
/* End PBXBuildFile section */

/* Begin PBXFileReference section */
		1E1C635A20F6A3940068B327 /* decoder.c */ = {isa = PBXFileReference; fileEncoding = 4; lastKnownFileType = sourcecode.c.c; name = decoder.c; path = kemon/distorm/decoder.c; sourceTree = SOURCE_ROOT; };
		1E1C635B20F6A3940068B327 /* textdefs.c */ = {isa = PBXFileReference; fileEncoding = 4; lastKnownFileType = sourcecode.c.c; name = textdefs.c; path = kemon/distorm/textdefs.c; sourceTree = SOURCE_ROOT; };
		1E1C635C20F6A3940068B327 /* distorm.c */ = {isa = PBXFileReference; fileEncoding = 4; lastKnownFileType = sourcecode.c.c; name = distorm.c; path = kemon/distorm/distorm.c; sourceTree = SOURCE_ROOT; };
		1E1C635D20F6A3940068B327 /* prefix.c */ = {isa = PBXFileReference; fileEncoding = 4; lastKnownFileType = sourcecode.c.c; name = prefix.c; path = kemon/distorm/prefix.c; sourceTree = SOURCE_ROOT; };
		1E1C635E20F6A3940068B327 /* prefix.h */ = {isa = PBXFileReference; fileEncoding = 4; lastKnownFileType = sourcecode.c.h; name = prefix.h; path = kemon/distorm/prefix.h; sourceTree = SOURCE_ROOT; };
		1E1C635F20F6A3940068B327 /* operands.h */ = {isa = PBXFileReference; fileEncoding = 4; lastKnownFileType = sourcecode.c.h; name = operands.h; path = kemon/distorm/operands.h; sourceTree = SOURCE_ROOT; };
		1E1C636120F6A3940068B327 /* distorm.h */ = {isa = PBXFileReference; fileEncoding = 4; lastKnownFileType = sourcecode.c.h; path = distorm.h; sourceTree = "<group>"; };
		1E1C636220F6A3940068B327 /* mnemonics.h */ = {isa = PBXFileReference; fileEncoding = 4; lastKnownFileType = sourcecode.c.h; path = mnemonics.h; sourceTree = "<group>"; };
		1E1C636320F6A3940068B327 /* operands.c */ = {isa = PBXFileReference; fileEncoding = 4; lastKnownFileType = sourcecode.c.c; name = operands.c; path = kemon/distorm/operands.c; sourceTree = SOURCE_ROOT; };
		1E1C636420F6A3940068B327 /* instructions.c */ = {isa = PBXFileReference; fileEncoding = 4; lastKnownFileType = sourcecode.c.c; name = instructions.c; path = kemon/distorm/instructions.c; sourceTree = SOURCE_ROOT; };
		1E1C636520F6A3940068B327 /* config.h */ = {isa = PBXFileReference; fileEncoding = 4; lastKnownFileType = sourcecode.c.h; name = config.h; path = kemon/distorm/config.h; sourceTree = SOURCE_ROOT; };
		1E1C636620F6A3940068B327 /* x86defs.h */ = {isa = PBXFileReference; fileEncoding = 4; lastKnownFileType = sourcecode.c.h; name = x86defs.h; path = kemon/distorm/x86defs.h; sourceTree = SOURCE_ROOT; };
		1E1C636720F6A3940068B327 /* mnemonics.c */ = {isa = PBXFileReference; fileEncoding = 4; lastKnownFileType = sourcecode.c.c; name = mnemonics.c; path = kemon/distorm/mnemonics.c; sourceTree = SOURCE_ROOT; };
		1E1C636820F6A3940068B327 /* decoder.h */ = {isa = PBXFileReference; fileEncoding = 4; lastKnownFileType = sourcecode.c.h; name = decoder.h; path = kemon/distorm/decoder.h; sourceTree = SOURCE_ROOT; };
		1E1C636920F6A3950068B327 /* textdefs.h */ = {isa = PBXFileReference; fileEncoding = 4; lastKnownFileType = sourcecode.c.h; name = textdefs.h; path = kemon/distorm/textdefs.h; sourceTree = SOURCE_ROOT; };
		1E1C636A20F6A3950068B327 /* wstring.h */ = {isa = PBXFileReference; fileEncoding = 4; lastKnownFileType = sourcecode.c.h; name = wstring.h; path = kemon/distorm/wstring.h; sourceTree = SOURCE_ROOT; };
		1E1C636B20F6A3950068B327 /* insts.h */ = {isa = PBXFileReference; fileEncoding = 4; lastKnownFileType = sourcecode.c.h; name = insts.h; path = kemon/distorm/insts.h; sourceTree = SOURCE_ROOT; };
		1E1C636C20F6A3950068B327 /* insts.c */ = {isa = PBXFileReference; fileEncoding = 4; lastKnownFileType = sourcecode.c.c; name = insts.c; path = kemon/distorm/insts.c; sourceTree = SOURCE_ROOT; };
		1E1C636D20F6A3950068B327 /* instructions.h */ = {isa = PBXFileReference; fileEncoding = 4; lastKnownFileType = sourcecode.c.h; name = instructions.h; path = kemon/distorm/instructions.h; sourceTree = SOURCE_ROOT; };
		1E1C636E20F6A3950068B327 /* wstring.c */ = {isa = PBXFileReference; fileEncoding = 4; lastKnownFileType = sourcecode.c.c; name = wstring.c; path = kemon/distorm/wstring.c; sourceTree = SOURCE_ROOT; };
		1E228D0E2081E44600F41461 /* nke.h */ = {isa = PBXFileReference; fileEncoding = 4; lastKnownFileType = sourcecode.c.h; path = nke.h; sourceTree = "<group>"; };
		1E228D0F2081E44600F41461 /* network.h */ = {isa = PBXFileReference; fileEncoding = 4; lastKnownFileType = sourcecode.c.h; path = network.h; sourceTree = "<group>"; };
		1E228D102081E44600F41461 /* policy.c */ = {isa = PBXFileReference; fileEncoding = 4; lastKnownFileType = sourcecode.c.c; path = policy.c; sourceTree = "<group>"; };
		1E228D112081E44600F41461 /* network.c */ = {isa = PBXFileReference; fileEncoding = 4; lastKnownFileType = sourcecode.c.c; path = network.c; sourceTree = "<group>"; };
		1E228D122081E44600F41461 /* policy.h */ = {isa = PBXFileReference; fileEncoding = 4; lastKnownFileType = sourcecode.c.h; path = policy.h; sourceTree = "<group>"; };
		1E228D132081E44600F41461 /* nke.c */ = {isa = PBXFileReference; fileEncoding = 4; lastKnownFileType = sourcecode.c.c; path = nke.c; sourceTree = "<group>"; };
		1E2CCE0B206D8D8B000FBAB1 /* kemon.kext */ = {isa = PBXFileReference; explicitFileType = wrapper.cfbundle; includeInIndex = 0; path = kemon.kext; sourceTree = BUILT_PRODUCTS_DIR; };
		1E2CCE0E206D8D8B000FBAB1 /* kemon.c */ = {isa = PBXFileReference; lastKnownFileType = sourcecode.c.c; path = kemon.c; sourceTree = "<group>"; };
		1E2CCE10206D8D8B000FBAB1 /* Info.plist */ = {isa = PBXFileReference; lastKnownFileType = text.plist.xml; path = Info.plist; sourceTree = "<group>"; };
		1E2CCE16206D8E2C000FBAB1 /* kemon.h */ = {isa = PBXFileReference; fileEncoding = 4; lastKnownFileType = sourcecode.c.h; path = kemon.h; sourceTree = "<group>"; };
		1E35F98520F82F330048103E /* inline.c */ = {isa = PBXFileReference; fileEncoding = 4; lastKnownFileType = sourcecode.c.c; path = inline.c; sourceTree = "<group>"; };
		1E35F98620F82F330048103E /* inline.h */ = {isa = PBXFileReference; fileEncoding = 4; lastKnownFileType = sourcecode.c.h; path = inline.h; sourceTree = "<group>"; };
		1E9BA077209161A9001A9BB8 /* include.h */ = {isa = PBXFileReference; fileEncoding = 4; lastKnownFileType = sourcecode.c.h; path = include.h; sourceTree = "<group>"; };
		1E9EC6FA207448E300C61D80 /* trace.h */ = {isa = PBXFileReference; fileEncoding = 4; lastKnownFileType = sourcecode.c.h; path = trace.h; sourceTree = "<group>"; };
		1E9EC6FB207448E300C61D80 /* trace.c */ = {isa = PBXFileReference; fileEncoding = 4; lastKnownFileType = sourcecode.c.c; path = trace.c; sourceTree = "<group>"; };
/* End PBXFileReference section */

/* Begin PBXFrameworksBuildPhase section */
		1E2CCE07206D8D8B000FBAB1 /* Frameworks */ = {
			isa = PBXFrameworksBuildPhase;
			buildActionMask = 2147483647;
			files = (
			);
			runOnlyForDeploymentPostprocessing = 0;
		};
/* End PBXFrameworksBuildPhase section */

/* Begin PBXGroup section */
		1E1C635920F6A3740068B327 /* distrom */ = {
			isa = PBXGroup;
			children = (
				1E1C636520F6A3940068B327 /* config.h */,
				1E1C635A20F6A3940068B327 /* decoder.c */,
				1E1C636820F6A3940068B327 /* decoder.h */,
				1E1C635C20F6A3940068B327 /* distorm.c */,
				1E1C636020F6A3940068B327 /* include */,
				1E1C636420F6A3940068B327 /* instructions.c */,
				1E1C636D20F6A3950068B327 /* instructions.h */,
				1E1C636C20F6A3950068B327 /* insts.c */,
				1E1C636B20F6A3950068B327 /* insts.h */,
				1E1C636720F6A3940068B327 /* mnemonics.c */,
				1E1C636320F6A3940068B327 /* operands.c */,
				1E1C635F20F6A3940068B327 /* operands.h */,
				1E1C635D20F6A3940068B327 /* prefix.c */,
				1E1C635E20F6A3940068B327 /* prefix.h */,
				1E1C635B20F6A3940068B327 /* textdefs.c */,
				1E1C636920F6A3950068B327 /* textdefs.h */,
				1E1C636E20F6A3950068B327 /* wstring.c */,
				1E1C636A20F6A3950068B327 /* wstring.h */,
				1E1C636620F6A3940068B327 /* x86defs.h */,
			);
			path = distrom;
			sourceTree = "<group>";
		};
		1E1C636020F6A3940068B327 /* include */ = {
			isa = PBXGroup;
			children = (
				1E1C636120F6A3940068B327 /* distorm.h */,
				1E1C636220F6A3940068B327 /* mnemonics.h */,
			);
			name = include;
			path = kemon/distorm/include;
			sourceTree = SOURCE_ROOT;
		};
		1E2CCE01206D8D8B000FBAB1 = {
			isa = PBXGroup;
			children = (
				1E2CCE0D206D8D8B000FBAB1 /* kemon */,
				1E2CCE0C206D8D8B000FBAB1 /* Products */,
			);
			sourceTree = "<group>";
		};
		1E2CCE0C206D8D8B000FBAB1 /* Products */ = {
			isa = PBXGroup;
			children = (
				1E2CCE0B206D8D8B000FBAB1 /* kemon.kext */,
			);
			name = Products;
			sourceTree = "<group>";
		};
		1E2CCE0D206D8D8B000FBAB1 /* kemon */ = {
			isa = PBXGroup;
			children = (
				1E1C635920F6A3740068B327 /* distrom */,
				1E2CCE0E206D8D8B000FBAB1 /* kemon.c */,
				1E2CCE16206D8E2C000FBAB1 /* kemon.h */,
				1E9BA077209161A9001A9BB8 /* include.h */,
				1E9EC6FB207448E300C61D80 /* trace.c */,
				1E9EC6FA207448E300C61D80 /* trace.h */,
				1E228D132081E44600F41461 /* nke.c */,
				1E228D0E2081E44600F41461 /* nke.h */,
				1E228D112081E44600F41461 /* network.c */,
				1E228D0F2081E44600F41461 /* network.h */,
				1E35F98520F82F330048103E /* inline.c */,
				1E35F98620F82F330048103E /* inline.h */,
				1E228D102081E44600F41461 /* policy.c */,
				1E228D122081E44600F41461 /* policy.h */,
				1E2CCE10206D8D8B000FBAB1 /* Info.plist */,
			);
			path = kemon;
			sourceTree = "<group>";
		};
/* End PBXGroup section */

/* Begin PBXHeadersBuildPhase section */
		1E2CCE08206D8D8B000FBAB1 /* Headers */ = {
			isa = PBXHeadersBuildPhase;
			buildActionMask = 2147483647;
			files = (
				1E9EC6FC207448E300C61D80 /* trace.h in Headers */,
				1E228D142081E44600F41461 /* nke.h in Headers */,
				1E1C637620F6A3950068B327 /* mnemonics.h in Headers */,
				1E1C637420F6A3950068B327 /* operands.h in Headers */,
				1E9BA078209161A9001A9BB8 /* include.h in Headers */,
				1E228D182081E44600F41461 /* policy.h in Headers */,
				1E1C637520F6A3950068B327 /* distorm.h in Headers */,
				1E1C637A20F6A3950068B327 /* x86defs.h in Headers */,
				1E1C637320F6A3950068B327 /* prefix.h in Headers */,
				1E1C638120F6A3950068B327 /* instructions.h in Headers */,
				1E1C637920F6A3950068B327 /* config.h in Headers */,
				1E2CCE17206D8E2C000FBAB1 /* kemon.h in Headers */,
				1E228D152081E44600F41461 /* network.h in Headers */,
				1E1C637F20F6A3950068B327 /* insts.h in Headers */,
				1E1C637E20F6A3950068B327 /* wstring.h in Headers */,
				1E35F98820F82F330048103E /* inline.h in Headers */,
				1E1C637D20F6A3950068B327 /* textdefs.h in Headers */,
				1E1C637C20F6A3950068B327 /* decoder.h in Headers */,
			);
			runOnlyForDeploymentPostprocessing = 0;
		};
/* End PBXHeadersBuildPhase section */

/* Begin PBXNativeTarget section */
		1E2CCE0A206D8D8B000FBAB1 /* kemon */ = {
			isa = PBXNativeTarget;
			buildConfigurationList = 1E2CCE13206D8D8B000FBAB1 /* Build configuration list for PBXNativeTarget "kemon" */;
			buildPhases = (
				1E2CCE06206D8D8B000FBAB1 /* Sources */,
				1E2CCE07206D8D8B000FBAB1 /* Frameworks */,
				1E2CCE08206D8D8B000FBAB1 /* Headers */,
				1E2CCE09206D8D8B000FBAB1 /* Resources */,
			);
			buildRules = (
			);
			dependencies = (
			);
			name = kemon;
			productName = kemon;
			productReference = 1E2CCE0B206D8D8B000FBAB1 /* kemon.kext */;
			productType = "com.apple.product-type.kernel-extension";
		};
/* End PBXNativeTarget section */

/* Begin PBXProject section */
		1E2CCE02206D8D8B000FBAB1 /* Project object */ = {
			isa = PBXProject;
			attributes = {
				LastUpgradeCheck = 0930;
				ORGANIZATIONNAME = "Yu Wang";
				TargetAttributes = {
					1E2CCE0A206D8D8B000FBAB1 = {
						CreatedOnToolsVersion = 9.2;
						ProvisioningStyle = Automatic;
					};
				};
			};
			buildConfigurationList = 1E2CCE05206D8D8B000FBAB1 /* Build configuration list for PBXProject "kemon" */;
			compatibilityVersion = "Xcode 8.0";
			developmentRegion = en;
			hasScannedForEncodings = 0;
			knownRegions = (
				en,
			);
			mainGroup = 1E2CCE01206D8D8B000FBAB1;
			productRefGroup = 1E2CCE0C206D8D8B000FBAB1 /* Products */;
			projectDirPath = "";
			projectRoot = "";
			targets = (
				1E2CCE0A206D8D8B000FBAB1 /* kemon */,
			);
		};
/* End PBXProject section */

/* Begin PBXResourcesBuildPhase section */
		1E2CCE09206D8D8B000FBAB1 /* Resources */ = {
			isa = PBXResourcesBuildPhase;
			buildActionMask = 2147483647;
			files = (
			);
			runOnlyForDeploymentPostprocessing = 0;
		};
/* End PBXResourcesBuildPhase section */

/* Begin PBXSourcesBuildPhase section */
		1E2CCE06206D8D8B000FBAB1 /* Sources */ = {
			isa = PBXSourcesBuildPhase;
			buildActionMask = 2147483647;
			files = (
				1E228D192081E44600F41461 /* nke.c in Sources */,
				1E2CCE0F206D8D8B000FBAB1 /* kemon.c in Sources */,
				1E1C637720F6A3950068B327 /* operands.c in Sources */,
				1E1C638020F6A3950068B327 /* insts.c in Sources */,
				1E1C637020F6A3950068B327 /* textdefs.c in Sources */,
				1E1C637B20F6A3950068B327 /* mnemonics.c in Sources */,
				1E228D162081E44600F41461 /* policy.c in Sources */,
				1E1C636F20F6A3950068B327 /* decoder.c in Sources */,
				1E35F98720F82F330048103E /* inline.c in Sources */,
				1E1C637220F6A3950068B327 /* prefix.c in Sources */,
				1E1C637820F6A3950068B327 /* instructions.c in Sources */,
				1E9EC6FD207448E300C61D80 /* trace.c in Sources */,
				1E1C637120F6A3950068B327 /* distorm.c in Sources */,
				1E1C638220F6A3950068B327 /* wstring.c in Sources */,
				1E228D172081E44600F41461 /* network.c in Sources */,
			);
			runOnlyForDeploymentPostprocessing = 0;
		};
/* End PBXSourcesBuildPhase section */

/* Begin XCBuildConfiguration section */
		1E2CCE11206D8D8B000FBAB1 /* Debug */ = {
			isa = XCBuildConfiguration;
			buildSettings = {
				ALWAYS_SEARCH_USER_PATHS = NO;
				CLANG_ANALYZER_NONNULL = YES;
				CLANG_ANALYZER_NUMBER_OBJECT_CONVERSION = YES_AGGRESSIVE;
				CLANG_CXX_LANGUAGE_STANDARD = "gnu++14";
				CLANG_CXX_LIBRARY = "libc++";
				CLANG_ENABLE_MODULES = YES;
				CLANG_ENABLE_OBJC_ARC = YES;
				CLANG_WARN_BLOCK_CAPTURE_AUTORELEASING = YES;
				CLANG_WARN_BOOL_CONVERSION = YES;
				CLANG_WARN_COMMA = YES;
				CLANG_WARN_CONSTANT_CONVERSION = YES;
				CLANG_WARN_DEPRECATED_OBJC_IMPLEMENTATIONS = YES;
				CLANG_WARN_DIRECT_OBJC_ISA_USAGE = YES_ERROR;
				CLANG_WARN_DOCUMENTATION_COMMENTS = YES;
				CLANG_WARN_EMPTY_BODY = YES;
				CLANG_WARN_ENUM_CONVERSION = YES;
				CLANG_WARN_INFINITE_RECURSION = YES;
				CLANG_WARN_INT_CONVERSION = YES;
				CLANG_WARN_NON_LITERAL_NULL_CONVERSION = YES;
				CLANG_WARN_OBJC_IMPLICIT_RETAIN_SELF = YES;
				CLANG_WARN_OBJC_LITERAL_CONVERSION = YES;
				CLANG_WARN_OBJC_ROOT_CLASS = YES_ERROR;
				CLANG_WARN_RANGE_LOOP_ANALYSIS = YES;
				CLANG_WARN_STRICT_PROTOTYPES = YES;
				CLANG_WARN_SUSPICIOUS_MOVE = YES;
				CLANG_WARN_UNGUARDED_AVAILABILITY = YES_AGGRESSIVE;
				CLANG_WARN_UNREACHABLE_CODE = YES;
				CLANG_WARN__DUPLICATE_METHOD_MATCH = YES;
				CODE_SIGN_IDENTITY = "-";
				COPY_PHASE_STRIP = NO;
				DEBUG_INFORMATION_FORMAT = "dwarf-with-dsym";
				ENABLE_STRICT_OBJC_MSGSEND = YES;
				ENABLE_TESTABILITY = YES;
				GCC_C_LANGUAGE_STANDARD = gnu11;
				GCC_DYNAMIC_NO_PIC = NO;
				GCC_NO_COMMON_BLOCKS = YES;
				GCC_OPTIMIZATION_LEVEL = 0;
				GCC_PREPROCESSOR_DEFINITIONS = (
					"DEBUG=1",
					"$(inherited)",
				);
				GCC_WARN_64_TO_32_BIT_CONVERSION = YES;
				GCC_WARN_ABOUT_RETURN_TYPE = YES_ERROR;
				GCC_WARN_UNDECLARED_SELECTOR = YES;
				GCC_WARN_UNINITIALIZED_AUTOS = YES_AGGRESSIVE;
				GCC_WARN_UNUSED_FUNCTION = YES;
				GCC_WARN_UNUSED_VARIABLE = YES;
				MACOSX_DEPLOYMENT_TARGET = 10.13;
				MTL_ENABLE_DEBUG_INFO = YES;
				ONLY_ACTIVE_ARCH = YES;
				SDKROOT = macosx;
			};
			name = Debug;
		};
		1E2CCE12206D8D8B000FBAB1 /* Release */ = {
			isa = XCBuildConfiguration;
			buildSettings = {
				ALWAYS_SEARCH_USER_PATHS = NO;
				CLANG_ANALYZER_NONNULL = YES;
				CLANG_ANALYZER_NUMBER_OBJECT_CONVERSION = YES_AGGRESSIVE;
				CLANG_CXX_LANGUAGE_STANDARD = "gnu++14";
				CLANG_CXX_LIBRARY = "libc++";
				CLANG_ENABLE_MODULES = YES;
				CLANG_ENABLE_OBJC_ARC = YES;
				CLANG_WARN_BLOCK_CAPTURE_AUTORELEASING = YES;
				CLANG_WARN_BOOL_CONVERSION = YES;
				CLANG_WARN_COMMA = YES;
				CLANG_WARN_CONSTANT_CONVERSION = YES;
				CLANG_WARN_DEPRECATED_OBJC_IMPLEMENTATIONS = YES;
				CLANG_WARN_DIRECT_OBJC_ISA_USAGE = YES_ERROR;
				CLANG_WARN_DOCUMENTATION_COMMENTS = YES;
				CLANG_WARN_EMPTY_BODY = YES;
				CLANG_WARN_ENUM_CONVERSION = YES;
				CLANG_WARN_INFINITE_RECURSION = YES;
				CLANG_WARN_INT_CONVERSION = YES;
				CLANG_WARN_NON_LITERAL_NULL_CONVERSION = YES;
				CLANG_WARN_OBJC_IMPLICIT_RETAIN_SELF = YES;
				CLANG_WARN_OBJC_LITERAL_CONVERSION = YES;
				CLANG_WARN_OBJC_ROOT_CLASS = YES_ERROR;
				CLANG_WARN_RANGE_LOOP_ANALYSIS = YES;
				CLANG_WARN_STRICT_PROTOTYPES = YES;
				CLANG_WARN_SUSPICIOUS_MOVE = YES;
				CLANG_WARN_UNGUARDED_AVAILABILITY = YES_AGGRESSIVE;
				CLANG_WARN_UNREACHABLE_CODE = YES;
				CLANG_WARN__DUPLICATE_METHOD_MATCH = YES;
				CODE_SIGN_IDENTITY = "-";
				COPY_PHASE_STRIP = NO;
				DEBUG_INFORMATION_FORMAT = "dwarf-with-dsym";
				ENABLE_NS_ASSERTIONS = NO;
				ENABLE_STRICT_OBJC_MSGSEND = YES;
				ENABLE_TESTABILITY = YES;
				GCC_C_LANGUAGE_STANDARD = gnu11;
				GCC_NO_COMMON_BLOCKS = YES;
				GCC_WARN_64_TO_32_BIT_CONVERSION = YES;
				GCC_WARN_ABOUT_RETURN_TYPE = YES_ERROR;
				GCC_WARN_UNDECLARED_SELECTOR = YES;
				GCC_WARN_UNINITIALIZED_AUTOS = YES_AGGRESSIVE;
				GCC_WARN_UNUSED_FUNCTION = YES;
				GCC_WARN_UNUSED_VARIABLE = YES;
				MACOSX_DEPLOYMENT_TARGET = 10.13;
				MTL_ENABLE_DEBUG_INFO = NO;
				ONLY_ACTIVE_ARCH = YES;
				SDKROOT = macosx;
			};
			name = Release;
		};
		1E2CCE14206D8D8B000FBAB1 /* Debug */ = {
			isa = XCBuildConfiguration;
			buildSettings = {
				CODE_SIGN_IDENTITY = "";
				CODE_SIGN_STYLE = Automatic;
				DEBUG_INFORMATION_FORMAT = "dwarf-with-dsym";
				DEVELOPMENT_TEAM = "";
				INFOPLIST_FILE = kemon/Info.plist;
				MACOSX_DEPLOYMENT_TARGET = 10.13;
				MODULE_NAME = com.assuresec.kemon;
				MODULE_START = kemon_start;
				MODULE_STOP = kemon_stop;
				MODULE_VERSION = 1.0.0.1001;
				PRODUCT_BUNDLE_IDENTIFIER = com.assuresec.kemon;
				PRODUCT_NAME = "$(TARGET_NAME)";
				PROVISIONING_PROFILE_SPECIFIER = "";
				WRAPPER_EXTENSION = kext;
			};
			name = Debug;
		};
		1E2CCE15206D8D8B000FBAB1 /* Release */ = {
			isa = XCBuildConfiguration;
			buildSettings = {
				CODE_SIGN_IDENTITY = "";
				CODE_SIGN_STYLE = Automatic;
				DEBUG_INFORMATION_FORMAT = "dwarf-with-dsym";
				DEVELOPMENT_TEAM = "";
				INFOPLIST_FILE = kemon/Info.plist;
				MACOSX_DEPLOYMENT_TARGET = 10.13;
				MODULE_NAME = com.assuresec.kemon;
				MODULE_START = kemon_start;
				MODULE_STOP = kemon_stop;
				MODULE_VERSION = 1.0.0.1001;
				PRODUCT_BUNDLE_IDENTIFIER = com.assuresec.kemon;
				PRODUCT_NAME = "$(TARGET_NAME)";
				PROVISIONING_PROFILE_SPECIFIER = "";
				WRAPPER_EXTENSION = kext;
			};
			name = Release;
		};
/* End XCBuildConfiguration section */

/* Begin XCConfigurationList section */
		1E2CCE05206D8D8B000FBAB1 /* Build configuration list for PBXProject "kemon" */ = {
			isa = XCConfigurationList;
			buildConfigurations = (
				1E2CCE11206D8D8B000FBAB1 /* Debug */,
				1E2CCE12206D8D8B000FBAB1 /* Release */,
			);
			defaultConfigurationIsVisible = 0;
			defaultConfigurationName = Release;
		};
		1E2CCE13206D8D8B000FBAB1 /* Build configuration list for PBXNativeTarget "kemon" */ = {
			isa = XCConfigurationList;
			buildConfigurations = (
				1E2CCE14206D8D8B000FBAB1 /* Debug */,
				1E2CCE15206D8D8B000FBAB1 /* Release */,
			);
			defaultConfigurationIsVisible = 0;
			defaultConfigurationName = Release;
		};
/* End XCConfigurationList section */
	};
	rootObject = 1E2CCE02206D8D8B000FBAB1 /* Project object */;
}
